
Microsoft Visual Studio Solution File, Format Version 12.00
# Visual Studio Version 16
VisualStudioVersion = 16.0.31313.79
MinimumVisualStudioVersion = 10.0.40219.1
Project("{FAE04EC0-301F-11D3-BF4B-00C04F79EFBC}") = "Lab2", "Lab2\Lab2.csproj", "{6EA525E0-D483-4B9A-ABF2-4F1ACFCEC207}"
EndProject
Global
	GlobalSection(SolutionConfigurationPlatforms) = preSolution
		Debug|Any CPU = Debug|Any CPU
		Release|Any CPU = Release|Any CPU
	EndGlobalSection
	GlobalSection(ProjectConfigurationPlatforms) = postSolution
		{6EA525E0-D483-4B9A-ABF2-4F1ACFCEC207}.Debug|Any CPU.ActiveCfg = Debug|Any CPU
		{6EA525E0-D483-4B9A-ABF2-4F1ACFCEC207}.Debug|Any CPU.Build.0 = Debug|Any CPU
		{6EA525E0-D483-4B9A-ABF2-4F1ACFCEC207}.Release|Any CPU.ActiveCfg = Release|Any CPU
		{6EA525E0-D483-4B9A-ABF2-4F1ACFCEC207}.Release|Any CPU.Build.0 = Release|Any CPU
	EndGlobalSection
	GlobalSection(SolutionProperties) = preSolution
		HideSolutionNode = FALSE
	EndGlobalSection
	GlobalSection(ExtensibilityGlobals) = postSolution
		SolutionGuid = {2A2556D8-A283-465E-BAF3-C49183B22F1D}
	EndGlobalSection
EndGlobal
